{
  "name": "siteprofissional",
  "lockfileVersion": 3,
  "requires": true,
  "packages": {
    "": {
      "dependencies": {
        "chota": "^0.9.2"
      }
    },
    "node_modules/chota": {
      "version": "0.9.2",
      "resolved": "https://registry.npmjs.org/chota/-/chota-0.9.2.tgz",
      "integrity": "sha512-DmCHT/R+yMr/aYQuokkJeNIjknSgpMpM9mR0tDlqPu8A+lGo9TS/KFPpze5Q9PPrCWenp/VG7Y10usyNDoIygQ==",
      "license": "MIT"
    }
  }
}
